
Microsoft Visual Studio Solution File, Format Version 11.00
# Visual Studio 2010
Project("{FAE04EC0-301F-11D3-BF4B-00C04F79EFBC}") = "Assembly-CSharp", "Assembly-CSharp.csproj", "{616da3bf-caf8-1c48-fd19-45919e88a197}"
EndProject
Project("{FAE04EC0-301F-11D3-BF4B-00C04F79EFBC}") = "Assembly-CSharp-Editor", "Assembly-CSharp-Editor.csproj", "{1f40581f-7003-a5d8-d559-38cd8296b391}"
EndProject
Global
	GlobalSection(SolutionConfigurationPlatforms) = preSolution
		Debug|Any CPU = Debug|Any CPU
	EndGlobalSection
	GlobalSection(ProjectConfigurationPlatforms) = postSolution
		{616da3bf-caf8-1c48-fd19-45919e88a197}.Debug|Any CPU.ActiveCfg = Debug|Any CPU
		{616da3bf-caf8-1c48-fd19-45919e88a197}.Debug|Any CPU.Build.0 = Debug|Any CPU
		{1f40581f-7003-a5d8-d559-38cd8296b391}.Debug|Any CPU.ActiveCfg = Debug|Any CPU
		{1f40581f-7003-a5d8-d559-38cd8296b391}.Debug|Any CPU.Build.0 = Debug|Any CPU
	EndGlobalSection
	GlobalSection(SolutionProperties) = preSolution
		HideSolutionNode = FALSE
	EndGlobalSection
EndGlobal
