
Microsoft Visual Studio Solution File, Format Version 11.00
# Visual Studio 2010
Project("{FAE04EC0-301F-11D3-BF4B-00C04F79EFBC}") = "Assembly-CSharp", "Assembly-CSharp.csproj", "{9abc24bc-afe2-8f50-b655-57520c772835}"
EndProject
Project("{FAE04EC0-301F-11D3-BF4B-00C04F79EFBC}") = "Assembly-CSharp-Editor", "Assembly-CSharp-Editor.csproj", "{123d38ad-45b2-bdd5-0fc7-02186d87a916}"
EndProject
Global
	GlobalSection(SolutionConfigurationPlatforms) = preSolution
		Debug|Any CPU = Debug|Any CPU
	EndGlobalSection
	GlobalSection(ProjectConfigurationPlatforms) = postSolution
		{9abc24bc-afe2-8f50-b655-57520c772835}.Debug|Any CPU.ActiveCfg = Debug|Any CPU
		{9abc24bc-afe2-8f50-b655-57520c772835}.Debug|Any CPU.Build.0 = Debug|Any CPU
		{123d38ad-45b2-bdd5-0fc7-02186d87a916}.Debug|Any CPU.ActiveCfg = Debug|Any CPU
		{123d38ad-45b2-bdd5-0fc7-02186d87a916}.Debug|Any CPU.Build.0 = Debug|Any CPU
	EndGlobalSection
	GlobalSection(SolutionProperties) = preSolution
		HideSolutionNode = FALSE
	EndGlobalSection
EndGlobal
